{
    "name": "ags",
    "lockfileVersion": 3,
    "requires": true,
    "packages": {
        "": {
            "dependencies": {
                "date-fns": "^3.3.1",
                "fp-ts": "^2.16.2",
                "io-ts": "^2.2.21",
                "io-ts-types": "^0.5.19",
                "toml": "^3.0.0"
            }
        },
        "node_modules/date-fns": {
            "version": "3.3.1",
            "resolved": "https://registry.npmjs.org/date-fns/-/date-fns-3.3.1.tgz",
            "integrity": "sha512-y8e109LYGgoQDveiEBD3DYXKba1jWf5BA8YU1FL5Tvm0BTdEfy54WLCwnuYWZNnzzvALy/QQ4Hov+Q9RVRv+Zw==",
            "funding": {
                "type": "github",
                "url": "https://github.com/sponsors/kossnocorp"
            }
        },
        "node_modules/fp-ts": {
            "version": "2.16.2",
            "resolved": "https://registry.npmjs.org/fp-ts/-/fp-ts-2.16.2.tgz",
            "integrity": "sha512-CkqAjnIKFqvo3sCyoBTqgJvF+bHrSik584S9nhTjtBESLx26cbtVMR/T9a6ApChOcSDAaM3JydDmWDUn4EEXng=="
        },
        "node_modules/io-ts": {
            "version": "2.2.21",
            "resolved": "https://registry.npmjs.org/io-ts/-/io-ts-2.2.21.tgz",
            "integrity": "sha512-zz2Z69v9ZIC3mMLYWIeoUcwWD6f+O7yP92FMVVaXEOSZH1jnVBmET/urd/uoarD1WGBY4rCj8TAyMPzsGNzMFQ==",
            "peerDependencies": {
                "fp-ts": "^2.5.0"
            }
        },
        "node_modules/io-ts-types": {
            "version": "0.5.19",
            "resolved": "https://registry.npmjs.org/io-ts-types/-/io-ts-types-0.5.19.tgz",
            "integrity": "sha512-kQOYYDZG5vKre+INIDZbLeDJe+oM+4zLpUkjXyTMyUfoCpjJNyi29ZLkuEAwcPufaYo3yu/BsemZtbdD+NtRfQ==",
            "peerDependencies": {
                "fp-ts": "^2.0.0",
                "io-ts": "^2.0.0",
                "monocle-ts": "^2.0.0",
                "newtype-ts": "^0.3.2"
            }
        },
        "node_modules/monocle-ts": {
            "version": "2.3.13",
            "resolved": "https://registry.npmjs.org/monocle-ts/-/monocle-ts-2.3.13.tgz",
            "integrity": "sha512-D5Ygd3oulEoAm3KuGO0eeJIrhFf1jlQIoEVV2DYsZUMz42j4tGxgct97Aq68+F8w4w4geEnwFa8HayTS/7lpKQ==",
            "peer": true,
            "peerDependencies": {
                "fp-ts": "^2.5.0"
            }
        },
        "node_modules/newtype-ts": {
            "version": "0.3.5",
            "resolved": "https://registry.npmjs.org/newtype-ts/-/newtype-ts-0.3.5.tgz",
            "integrity": "sha512-v83UEQMlVR75yf1OUdoSFssjitxzjZlqBAjiGQ4WJaML8Jdc68LJ+BaSAXUmKY4bNzp7hygkKLYTsDi14PxI2g==",
            "peer": true,
            "peerDependencies": {
                "fp-ts": "^2.0.0",
                "monocle-ts": "^2.0.0"
            }
        },
        "node_modules/toml": {
            "version": "3.0.0",
            "resolved": "https://registry.npmjs.org/toml/-/toml-3.0.0.tgz",
            "integrity": "sha512-y/mWCZinnvxjTKYhJ+pYxwD0mRLVvOtdS2Awbgxln6iEnt4rk0yBxeSBHkGJcPucRiG0e55mwWp+g/05rsrd6w=="
        }
    }
}
